
Microsoft Visual Studio Solution File, Format Version 12.00
# Visual Studio Version 16
VisualStudioVersion = 16.0.31112.23
MinimumVisualStudioVersion = 10.0.40219.1
Project("{FAE04EC0-301F-11D3-BF4B-00C04F79EFBC}") = "07.06", "07.06\07.06.csproj", "{27A1C799-679E-4954-85B6-7AB60B1FA85E}"
EndProject
Project("{FAE04EC0-301F-11D3-BF4B-00C04F79EFBC}") = "2", "2\2.csproj", "{59747FE1-A180-4A95-8736-976A29A976FE}"
EndProject
Project("{FAE04EC0-301F-11D3-BF4B-00C04F79EFBC}") = "3", "3\3.csproj", "{D0BA95DB-06A4-4C7F-9201-C70493589E75}"
EndProject
Global
	GlobalSection(SolutionConfigurationPlatforms) = preSolution
		Debug|Any CPU = Debug|Any CPU
		Release|Any CPU = Release|Any CPU
	EndGlobalSection
	GlobalSection(ProjectConfigurationPlatforms) = postSolution
		{27A1C799-679E-4954-85B6-7AB60B1FA85E}.Debug|Any CPU.ActiveCfg = Debug|Any CPU
		{27A1C799-679E-4954-85B6-7AB60B1FA85E}.Debug|Any CPU.Build.0 = Debug|Any CPU
		{27A1C799-679E-4954-85B6-7AB60B1FA85E}.Release|Any CPU.ActiveCfg = Release|Any CPU
		{27A1C799-679E-4954-85B6-7AB60B1FA85E}.Release|Any CPU.Build.0 = Release|Any CPU
		{59747FE1-A180-4A95-8736-976A29A976FE}.Debug|Any CPU.ActiveCfg = Debug|Any CPU
		{59747FE1-A180-4A95-8736-976A29A976FE}.Debug|Any CPU.Build.0 = Debug|Any CPU
		{59747FE1-A180-4A95-8736-976A29A976FE}.Release|Any CPU.ActiveCfg = Release|Any CPU
		{59747FE1-A180-4A95-8736-976A29A976FE}.Release|Any CPU.Build.0 = Release|Any CPU
		{D0BA95DB-06A4-4C7F-9201-C70493589E75}.Debug|Any CPU.ActiveCfg = Debug|Any CPU
		{D0BA95DB-06A4-4C7F-9201-C70493589E75}.Debug|Any CPU.Build.0 = Debug|Any CPU
		{D0BA95DB-06A4-4C7F-9201-C70493589E75}.Release|Any CPU.ActiveCfg = Release|Any CPU
		{D0BA95DB-06A4-4C7F-9201-C70493589E75}.Release|Any CPU.Build.0 = Release|Any CPU
	EndGlobalSection
	GlobalSection(SolutionProperties) = preSolution
		HideSolutionNode = FALSE
	EndGlobalSection
	GlobalSection(ExtensibilityGlobals) = postSolution
		SolutionGuid = {887300D5-2A59-47AB-92AE-45354307FF94}
	EndGlobalSection
EndGlobal
